
Microsoft Visual Studio Solution File, Format Version 12.00
# Visual Studio 14
VisualStudioVersion = 14.0.22310.1
MinimumVisualStudioVersion = 10.0.40219.1
Project("{FAE04EC0-301F-11D3-BF4B-00C04F79EFBC}") = "TestViewport", "TestViewport\TestViewport.csproj", "{878215B4-356D-47E1-A113-DC77F09848C4}"
EndProject
Project("{FAE04EC0-301F-11D3-BF4B-00C04F79EFBC}") = "WEditor", "WEditor\WEditor.csproj", "{9A489E2B-17F6-41F8-AF2C-26B740D3CBC2}"
EndProject
Project("{FAE04EC0-301F-11D3-BF4B-00C04F79EFBC}") = "TestEditor", "TestEditor\TestEditor.csproj", "{4D81B0FA-50E8-4212-9BD5-538B38538B02}"
EndProject
Global
	GlobalSection(SolutionConfigurationPlatforms) = preSolution
		Debug|Any CPU = Debug|Any CPU
		Release|Any CPU = Release|Any CPU
	EndGlobalSection
	GlobalSection(ProjectConfigurationPlatforms) = postSolution
		{878215B4-356D-47E1-A113-DC77F09848C4}.Debug|Any CPU.ActiveCfg = Debug|Any CPU
		{878215B4-356D-47E1-A113-DC77F09848C4}.Debug|Any CPU.Build.0 = Debug|Any CPU
		{878215B4-356D-47E1-A113-DC77F09848C4}.Release|Any CPU.ActiveCfg = Release|Any CPU
		{878215B4-356D-47E1-A113-DC77F09848C4}.Release|Any CPU.Build.0 = Release|Any CPU
		{9A489E2B-17F6-41F8-AF2C-26B740D3CBC2}.Debug|Any CPU.ActiveCfg = Debug|Any CPU
		{9A489E2B-17F6-41F8-AF2C-26B740D3CBC2}.Debug|Any CPU.Build.0 = Debug|Any CPU
		{9A489E2B-17F6-41F8-AF2C-26B740D3CBC2}.Release|Any CPU.ActiveCfg = Release|Any CPU
		{9A489E2B-17F6-41F8-AF2C-26B740D3CBC2}.Release|Any CPU.Build.0 = Release|Any CPU
		{4D81B0FA-50E8-4212-9BD5-538B38538B02}.Debug|Any CPU.ActiveCfg = Debug|Any CPU
		{4D81B0FA-50E8-4212-9BD5-538B38538B02}.Debug|Any CPU.Build.0 = Debug|Any CPU
		{4D81B0FA-50E8-4212-9BD5-538B38538B02}.Release|Any CPU.ActiveCfg = Release|Any CPU
		{4D81B0FA-50E8-4212-9BD5-538B38538B02}.Release|Any CPU.Build.0 = Release|Any CPU
	EndGlobalSection
	GlobalSection(SolutionProperties) = preSolution
		HideSolutionNode = FALSE
	EndGlobalSection
EndGlobal
